
Microsoft Visual Studio Solution File, Format Version 12.00
# Visual Studio 14
VisualStudioVersion = 14.0.25123.0
MinimumVisualStudioVersion = 10.0.40219.1
Project("{FAE04EC0-301F-11D3-BF4B-00C04F79EFBC}") = "BouncingGame", "BouncingGame\BouncingGame\BouncingGame.csproj", "{E2F19196-AEA8-459D-8A67-793FD4FD2AD2}"
EndProject
Project("{FAE04EC0-301F-11D3-BF4B-00C04F79EFBC}") = "BouncingGame.WinPhone", "BouncingGame\BouncingGame.WinPhone\BouncingGame.WinPhone.csproj", "{30F74A4A-0030-4A3D-B037-70ED3A435E18}"
EndProject
Project("{FAE04EC0-301F-11D3-BF4B-00C04F79EFBC}") = "BouncingGame.Droid", "BouncingGame\BouncingGame.Droid\BouncingGame.Droid.csproj", "{C2207125-74F8-4DDF-8D67-7A8F4EFE418E}"
EndProject
Project("{FAE04EC0-301F-11D3-BF4B-00C04F79EFBC}") = "BouncingGame.iOS", "BouncingGame\BouncingGame.iOS\BouncingGame.iOS.csproj", "{F5828D2A-93C7-4650-863E-A98D4F7E2EE7}"
EndProject
Global
	GlobalSection(SolutionConfigurationPlatforms) = preSolution
		AppStore|Any CPU = AppStore|Any CPU
		AppStore|ARM = AppStore|ARM
		AppStore|iPhone = AppStore|iPhone
		AppStore|iPhoneSimulator = AppStore|iPhoneSimulator
		AppStore|x86 = AppStore|x86
		Debug|Any CPU = Debug|Any CPU
		Debug|ARM = Debug|ARM
		Debug|iPhone = Debug|iPhone
		Debug|iPhoneSimulator = Debug|iPhoneSimulator
		Debug|x86 = Debug|x86
		Release|Any CPU = Release|Any CPU
		Release|ARM = Release|ARM
		Release|iPhone = Release|iPhone
		Release|iPhoneSimulator = Release|iPhoneSimulator
		Release|x86 = Release|x86
	EndGlobalSection
	GlobalSection(ProjectConfigurationPlatforms) = postSolution
		{E2F19196-AEA8-459D-8A67-793FD4FD2AD2}.AppStore|Any CPU.ActiveCfg = Release|Any CPU
		{E2F19196-AEA8-459D-8A67-793FD4FD2AD2}.AppStore|Any CPU.Build.0 = Release|Any CPU
		{E2F19196-AEA8-459D-8A67-793FD4FD2AD2}.AppStore|ARM.ActiveCfg = Release|Any CPU
		{E2F19196-AEA8-459D-8A67-793FD4FD2AD2}.AppStore|ARM.Build.0 = Release|Any CPU
		{E2F19196-AEA8-459D-8A67-793FD4FD2AD2}.AppStore|iPhone.ActiveCfg = Release|Any CPU
		{E2F19196-AEA8-459D-8A67-793FD4FD2AD2}.AppStore|iPhone.Build.0 = Release|Any CPU
		{E2F19196-AEA8-459D-8A67-793FD4FD2AD2}.AppStore|iPhoneSimulator.ActiveCfg = Release|Any CPU
		{E2F19196-AEA8-459D-8A67-793FD4FD2AD2}.AppStore|iPhoneSimulator.Build.0 = Release|Any CPU
		{E2F19196-AEA8-459D-8A67-793FD4FD2AD2}.AppStore|x86.ActiveCfg = Release|Any CPU
		{E2F19196-AEA8-459D-8A67-793FD4FD2AD2}.AppStore|x86.Build.0 = Release|Any CPU
		{E2F19196-AEA8-459D-8A67-793FD4FD2AD2}.Debug|Any CPU.ActiveCfg = Debug|Any CPU
		{E2F19196-AEA8-459D-8A67-793FD4FD2AD2}.Debug|Any CPU.Build.0 = Debug|Any CPU
		{E2F19196-AEA8-459D-8A67-793FD4FD2AD2}.Debug|ARM.ActiveCfg = Debug|Any CPU
		{E2F19196-AEA8-459D-8A67-793FD4FD2AD2}.Debug|ARM.Build.0 = Debug|Any CPU
		{E2F19196-AEA8-459D-8A67-793FD4FD2AD2}.Debug|iPhone.ActiveCfg = Debug|Any CPU
		{E2F19196-AEA8-459D-8A67-793FD4FD2AD2}.Debug|iPhone.Build.0 = Debug|Any CPU
		{E2F19196-AEA8-459D-8A67-793FD4FD2AD2}.Debug|iPhoneSimulator.ActiveCfg = Debug|Any CPU
		{E2F19196-AEA8-459D-8A67-793FD4FD2AD2}.Debug|iPhoneSimulator.Build.0 = Debug|Any CPU
		{E2F19196-AEA8-459D-8A67-793FD4FD2AD2}.Debug|x86.ActiveCfg = Debug|Any CPU
		{E2F19196-AEA8-459D-8A67-793FD4FD2AD2}.Debug|x86.Build.0 = Debug|Any CPU
		{E2F19196-AEA8-459D-8A67-793FD4FD2AD2}.Release|Any CPU.ActiveCfg = Release|Any CPU
		{E2F19196-AEA8-459D-8A67-793FD4FD2AD2}.Release|Any CPU.Build.0 = Release|Any CPU
		{E2F19196-AEA8-459D-8A67-793FD4FD2AD2}.Release|ARM.ActiveCfg = Release|Any CPU
		{E2F19196-AEA8-459D-8A67-793FD4FD2AD2}.Release|ARM.Build.0 = Release|Any CPU
		{E2F19196-AEA8-459D-8A67-793FD4FD2AD2}.Release|iPhone.ActiveCfg = Release|Any CPU
		{E2F19196-AEA8-459D-8A67-793FD4FD2AD2}.Release|iPhone.Build.0 = Release|Any CPU
		{E2F19196-AEA8-459D-8A67-793FD4FD2AD2}.Release|iPhoneSimulator.ActiveCfg = Release|Any CPU
		{E2F19196-AEA8-459D-8A67-793FD4FD2AD2}.Release|iPhoneSimulator.Build.0 = Release|Any CPU
		{E2F19196-AEA8-459D-8A67-793FD4FD2AD2}.Release|x86.ActiveCfg = Release|Any CPU
		{E2F19196-AEA8-459D-8A67-793FD4FD2AD2}.Release|x86.Build.0 = Release|Any CPU
		{30F74A4A-0030-4A3D-B037-70ED3A435E18}.AppStore|Any CPU.ActiveCfg = Release|Any CPU
		{30F74A4A-0030-4A3D-B037-70ED3A435E18}.AppStore|Any CPU.Build.0 = Release|Any CPU
		{30F74A4A-0030-4A3D-B037-70ED3A435E18}.AppStore|Any CPU.Deploy.0 = Release|Any CPU
		{30F74A4A-0030-4A3D-B037-70ED3A435E18}.AppStore|ARM.ActiveCfg = Release|ARM
		{30F74A4A-0030-4A3D-B037-70ED3A435E18}.AppStore|ARM.Build.0 = Release|ARM
		{30F74A4A-0030-4A3D-B037-70ED3A435E18}.AppStore|ARM.Deploy.0 = Release|ARM
		{30F74A4A-0030-4A3D-B037-70ED3A435E18}.AppStore|iPhone.ActiveCfg = Release|Any CPU
		{30F74A4A-0030-4A3D-B037-70ED3A435E18}.AppStore|iPhone.Build.0 = Release|Any CPU
		{30F74A4A-0030-4A3D-B037-70ED3A435E18}.AppStore|iPhone.Deploy.0 = Release|Any CPU
		{30F74A4A-0030-4A3D-B037-70ED3A435E18}.AppStore|iPhoneSimulator.ActiveCfg = Release|Any CPU
		{30F74A4A-0030-4A3D-B037-70ED3A435E18}.AppStore|iPhoneSimulator.Build.0 = Release|Any CPU
		{30F74A4A-0030-4A3D-B037-70ED3A435E18}.AppStore|iPhoneSimulator.Deploy.0 = Release|Any CPU
		{30F74A4A-0030-4A3D-B037-70ED3A435E18}.AppStore|x86.ActiveCfg = Release|x86
		{30F74A4A-0030-4A3D-B037-70ED3A435E18}.AppStore|x86.Build.0 = Release|x86
		{30F74A4A-0030-4A3D-B037-70ED3A435E18}.AppStore|x86.Deploy.0 = Release|x86
		{30F74A4A-0030-4A3D-B037-70ED3A435E18}.Debug|Any CPU.ActiveCfg = Debug|Any CPU
		{30F74A4A-0030-4A3D-B037-70ED3A435E18}.Debug|Any CPU.Build.0 = Debug|Any CPU
		{30F74A4A-0030-4A3D-B037-70ED3A435E18}.Debug|Any CPU.Deploy.0 = Debug|Any CPU
		{30F74A4A-0030-4A3D-B037-70ED3A435E18}.Debug|ARM.ActiveCfg = Debug|ARM
		{30F74A4A-0030-4A3D-B037-70ED3A435E18}.Debug|ARM.Build.0 = Debug|ARM
		{30F74A4A-0030-4A3D-B037-70ED3A435E18}.Debug|ARM.Deploy.0 = Debug|ARM
		{30F74A4A-0030-4A3D-B037-70ED3A435E18}.Debug|iPhone.ActiveCfg = Debug|Any CPU
		{30F74A4A-0030-4A3D-B037-70ED3A435E18}.Debug|iPhoneSimulator.ActiveCfg = Debug|Any CPU
		{30F74A4A-0030-4A3D-B037-70ED3A435E18}.Debug|iPhoneSimulator.Build.0 = Debug|Any CPU
		{30F74A4A-0030-4A3D-B037-70ED3A435E18}.Debug|iPhoneSimulator.Deploy.0 = Debug|Any CPU
		{30F74A4A-0030-4A3D-B037-70ED3A435E18}.Debug|x86.ActiveCfg = Debug|x86
		{30F74A4A-0030-4A3D-B037-70ED3A435E18}.Debug|x86.Build.0 = Debug|x86
		{30F74A4A-0030-4A3D-B037-70ED3A435E18}.Debug|x86.Deploy.0 = Debug|x86
		{30F74A4A-0030-4A3D-B037-70ED3A435E18}.Release|Any CPU.ActiveCfg = Release|Any CPU
		{30F74A4A-0030-4A3D-B037-70ED3A435E18}.Release|Any CPU.Build.0 = Release|Any CPU
		{30F74A4A-0030-4A3D-B037-70ED3A435E18}.Release|Any CPU.Deploy.0 = Release|Any CPU
		{30F74A4A-0030-4A3D-B037-70ED3A435E18}.Release|ARM.ActiveCfg = Release|ARM
		{30F74A4A-0030-4A3D-B037-70ED3A435E18}.Release|ARM.Build.0 = Release|ARM
		{30F74A4A-0030-4A3D-B037-70ED3A435E18}.Release|ARM.Deploy.0 = Release|ARM
		{30F74A4A-0030-4A3D-B037-70ED3A435E18}.Release|iPhone.ActiveCfg = Release|Any CPU
		{30F74A4A-0030-4A3D-B037-70ED3A435E18}.Release|iPhone.Build.0 = Release|Any CPU
		{30F74A4A-0030-4A3D-B037-70ED3A435E18}.Release|iPhone.Deploy.0 = Release|Any CPU
		{30F74A4A-0030-4A3D-B037-70ED3A435E18}.Release|iPhoneSimulator.ActiveCfg = Release|Any CPU
		{30F74A4A-0030-4A3D-B037-70ED3A435E18}.Release|iPhoneSimulator.Build.0 = Release|Any CPU
		{30F74A4A-0030-4A3D-B037-70ED3A435E18}.Release|iPhoneSimulator.Deploy.0 = Release|Any CPU
		{30F74A4A-0030-4A3D-B037-70ED3A435E18}.Release|x86.ActiveCfg = Release|x86
		{30F74A4A-0030-4A3D-B037-70ED3A435E18}.Release|x86.Build.0 = Release|x86
		{30F74A4A-0030-4A3D-B037-70ED3A435E18}.Release|x86.Deploy.0 = Release|x86
		{C2207125-74F8-4DDF-8D67-7A8F4EFE418E}.AppStore|Any CPU.ActiveCfg = Release|Any CPU
		{C2207125-74F8-4DDF-8D67-7A8F4EFE418E}.AppStore|Any CPU.Build.0 = Release|Any CPU
		{C2207125-74F8-4DDF-8D67-7A8F4EFE418E}.AppStore|Any CPU.Deploy.0 = Release|Any CPU
		{C2207125-74F8-4DDF-8D67-7A8F4EFE418E}.AppStore|ARM.ActiveCfg = Release|Any CPU
		{C2207125-74F8-4DDF-8D67-7A8F4EFE418E}.AppStore|ARM.Build.0 = Release|Any CPU
		{C2207125-74F8-4DDF-8D67-7A8F4EFE418E}.AppStore|ARM.Deploy.0 = Release|Any CPU
		{C2207125-74F8-4DDF-8D67-7A8F4EFE418E}.AppStore|iPhone.ActiveCfg = Release|Any CPU
		{C2207125-74F8-4DDF-8D67-7A8F4EFE418E}.AppStore|iPhone.Build.0 = Release|Any CPU
		{C2207125-74F8-4DDF-8D67-7A8F4EFE418E}.AppStore|iPhone.Deploy.0 = Release|Any CPU
		{C2207125-74F8-4DDF-8D67-7A8F4EFE418E}.AppStore|iPhoneSimulator.ActiveCfg = Release|Any CPU
		{C2207125-74F8-4DDF-8D67-7A8F4EFE418E}.AppStore|iPhoneSimulator.Build.0 = Release|Any CPU
		{C2207125-74F8-4DDF-8D67-7A8F4EFE418E}.AppStore|iPhoneSimulator.Deploy.0 = Release|Any CPU
		{C2207125-74F8-4DDF-8D67-7A8F4EFE418E}.AppStore|x86.ActiveCfg = Release|Any CPU
		{C2207125-74F8-4DDF-8D67-7A8F4EFE418E}.AppStore|x86.Build.0 = Release|Any CPU
		{C2207125-74F8-4DDF-8D67-7A8F4EFE418E}.AppStore|x86.Deploy.0 = Release|Any CPU
		{C2207125-74F8-4DDF-8D67-7A8F4EFE418E}.Debug|Any CPU.ActiveCfg = Debug|Any CPU
		{C2207125-74F8-4DDF-8D67-7A8F4EFE418E}.Debug|Any CPU.Build.0 = Debug|Any CPU
		{C2207125-74F8-4DDF-8D67-7A8F4EFE418E}.Debug|Any CPU.Deploy.0 = Debug|Any CPU
		{C2207125-74F8-4DDF-8D67-7A8F4EFE418E}.Debug|ARM.ActiveCfg = Debug|Any CPU
		{C2207125-74F8-4DDF-8D67-7A8F4EFE418E}.Debug|ARM.Build.0 = Debug|Any CPU
		{C2207125-74F8-4DDF-8D67-7A8F4EFE418E}.Debug|ARM.Deploy.0 = Debug|Any CPU
		{C2207125-74F8-4DDF-8D67-7A8F4EFE418E}.Debug|iPhone.ActiveCfg = Debug|Any CPU
		{C2207125-74F8-4DDF-8D67-7A8F4EFE418E}.Debug|iPhoneSimulator.ActiveCfg = Debug|Any CPU
		{C2207125-74F8-4DDF-8D67-7A8F4EFE418E}.Debug|iPhoneSimulator.Build.0 = Debug|Any CPU
		{C2207125-74F8-4DDF-8D67-7A8F4EFE418E}.Debug|iPhoneSimulator.Deploy.0 = Debug|Any CPU
		{C2207125-74F8-4DDF-8D67-7A8F4EFE418E}.Debug|x86.ActiveCfg = Debug|Any CPU
		{C2207125-74F8-4DDF-8D67-7A8F4EFE418E}.Debug|x86.Build.0 = Debug|Any CPU
		{C2207125-74F8-4DDF-8D67-7A8F4EFE418E}.Debug|x86.Deploy.0 = Debug|Any CPU
		{C2207125-74F8-4DDF-8D67-7A8F4EFE418E}.Release|Any CPU.ActiveCfg = Release|Any CPU
		{C2207125-74F8-4DDF-8D67-7A8F4EFE418E}.Release|Any CPU.Build.0 = Release|Any CPU
		{C2207125-74F8-4DDF-8D67-7A8F4EFE418E}.Release|Any CPU.Deploy.0 = Release|Any CPU
		{C2207125-74F8-4DDF-8D67-7A8F4EFE418E}.Release|ARM.ActiveCfg = Release|Any CPU
		{C2207125-74F8-4DDF-8D67-7A8F4EFE418E}.Release|ARM.Build.0 = Release|Any CPU
		{C2207125-74F8-4DDF-8D67-7A8F4EFE418E}.Release|ARM.Deploy.0 = Release|Any CPU
		{C2207125-74F8-4DDF-8D67-7A8F4EFE418E}.Release|iPhone.ActiveCfg = Release|Any CPU
		{C2207125-74F8-4DDF-8D67-7A8F4EFE418E}.Release|iPhone.Build.0 = Release|Any CPU
		{C2207125-74F8-4DDF-8D67-7A8F4EFE418E}.Release|iPhone.Deploy.0 = Release|Any CPU
		{C2207125-74F8-4DDF-8D67-7A8F4EFE418E}.Release|iPhoneSimulator.ActiveCfg = Release|Any CPU
		{C2207125-74F8-4DDF-8D67-7A8F4EFE418E}.Release|iPhoneSimulator.Build.0 = Release|Any CPU
		{C2207125-74F8-4DDF-8D67-7A8F4EFE418E}.Release|iPhoneSimulator.Deploy.0 = Release|Any CPU
		{C2207125-74F8-4DDF-8D67-7A8F4EFE418E}.Release|x86.ActiveCfg = Release|Any CPU
		{C2207125-74F8-4DDF-8D67-7A8F4EFE418E}.Release|x86.Build.0 = Release|Any CPU
		{C2207125-74F8-4DDF-8D67-7A8F4EFE418E}.Release|x86.Deploy.0 = Release|Any CPU
		{F5828D2A-93C7-4650-863E-A98D4F7E2EE7}.AppStore|Any CPU.ActiveCfg = AppStore|iPhone
		{F5828D2A-93C7-4650-863E-A98D4F7E2EE7}.AppStore|ARM.ActiveCfg = AppStore|iPhone
		{F5828D2A-93C7-4650-863E-A98D4F7E2EE7}.AppStore|iPhone.ActiveCfg = AppStore|iPhone
		{F5828D2A-93C7-4650-863E-A98D4F7E2EE7}.AppStore|iPhone.Build.0 = AppStore|iPhone
		{F5828D2A-93C7-4650-863E-A98D4F7E2EE7}.AppStore|iPhoneSimulator.ActiveCfg = AppStore|iPhoneSimulator
		{F5828D2A-93C7-4650-863E-A98D4F7E2EE7}.AppStore|iPhoneSimulator.Build.0 = AppStore|iPhoneSimulator
		{F5828D2A-93C7-4650-863E-A98D4F7E2EE7}.AppStore|x86.ActiveCfg = AppStore|iPhone
		{F5828D2A-93C7-4650-863E-A98D4F7E2EE7}.Debug|Any CPU.ActiveCfg = Debug|iPhone
		{F5828D2A-93C7-4650-863E-A98D4F7E2EE7}.Debug|ARM.ActiveCfg = Debug|iPhone
		{F5828D2A-93C7-4650-863E-A98D4F7E2EE7}.Debug|iPhone.ActiveCfg = Debug|iPhone
		{F5828D2A-93C7-4650-863E-A98D4F7E2EE7}.Debug|iPhone.Build.0 = Debug|iPhone
		{F5828D2A-93C7-4650-863E-A98D4F7E2EE7}.Debug|iPhoneSimulator.ActiveCfg = Debug|iPhoneSimulator
		{F5828D2A-93C7-4650-863E-A98D4F7E2EE7}.Debug|iPhoneSimulator.Build.0 = Debug|iPhoneSimulator
		{F5828D2A-93C7-4650-863E-A98D4F7E2EE7}.Debug|x86.ActiveCfg = Debug|iPhone
		{F5828D2A-93C7-4650-863E-A98D4F7E2EE7}.Release|Any CPU.ActiveCfg = Release|iPhone
		{F5828D2A-93C7-4650-863E-A98D4F7E2EE7}.Release|ARM.ActiveCfg = Release|iPhone
		{F5828D2A-93C7-4650-863E-A98D4F7E2EE7}.Release|iPhone.ActiveCfg = Release|iPhone
		{F5828D2A-93C7-4650-863E-A98D4F7E2EE7}.Release|iPhone.Build.0 = Release|iPhone
		{F5828D2A-93C7-4650-863E-A98D4F7E2EE7}.Release|iPhoneSimulator.ActiveCfg = Release|iPhoneSimulator
		{F5828D2A-93C7-4650-863E-A98D4F7E2EE7}.Release|iPhoneSimulator.Build.0 = Release|iPhoneSimulator
		{F5828D2A-93C7-4650-863E-A98D4F7E2EE7}.Release|x86.ActiveCfg = Release|iPhone
	EndGlobalSection
	GlobalSection(SolutionProperties) = preSolution
		HideSolutionNode = FALSE
	EndGlobalSection
EndGlobal
